
Microsoft Visual Studio Solution File, Format Version 12.00
# Visual Studio Version 17
VisualStudioVersion = 17.4.33103.184
MinimumVisualStudioVersion = 10.0.40219.1
Project("{9A19103F-16F7-4668-BE54-9A1E7A4F7556}") = "SupplementStationAPI", "SupplementStationAPI\SupplementStationAPI.csproj", "{1A540727-53C2-4564-9D25-E8128C77B66D}"
EndProject
Project("{FAE04EC0-301F-11D3-BF4B-00C04F79EFBC}") = "SupplementStationBLL", "SupplementStationBLL\SupplementStationBLL.csproj", "{50344792-F321-4003-B4C8-5043F853C9B8}"
EndProject
Project("{FAE04EC0-301F-11D3-BF4B-00C04F79EFBC}") = "SupplementStationDAL", "SupplementStationDAL\SupplementStationDAL.csproj", "{30AE59C3-5EA8-4CA1-B531-2B031EBF3E55}"
EndProject
Global
	GlobalSection(SolutionConfigurationPlatforms) = preSolution
		Debug|Any CPU = Debug|Any CPU
		Release|Any CPU = Release|Any CPU
	EndGlobalSection
	GlobalSection(ProjectConfigurationPlatforms) = postSolution
		{1A540727-53C2-4564-9D25-E8128C77B66D}.Debug|Any CPU.ActiveCfg = Debug|Any CPU
		{1A540727-53C2-4564-9D25-E8128C77B66D}.Debug|Any CPU.Build.0 = Debug|Any CPU
		{1A540727-53C2-4564-9D25-E8128C77B66D}.Release|Any CPU.ActiveCfg = Release|Any CPU
		{1A540727-53C2-4564-9D25-E8128C77B66D}.Release|Any CPU.Build.0 = Release|Any CPU
		{50344792-F321-4003-B4C8-5043F853C9B8}.Debug|Any CPU.ActiveCfg = Debug|Any CPU
		{50344792-F321-4003-B4C8-5043F853C9B8}.Debug|Any CPU.Build.0 = Debug|Any CPU
		{50344792-F321-4003-B4C8-5043F853C9B8}.Release|Any CPU.ActiveCfg = Release|Any CPU
		{50344792-F321-4003-B4C8-5043F853C9B8}.Release|Any CPU.Build.0 = Release|Any CPU
		{30AE59C3-5EA8-4CA1-B531-2B031EBF3E55}.Debug|Any CPU.ActiveCfg = Debug|Any CPU
		{30AE59C3-5EA8-4CA1-B531-2B031EBF3E55}.Debug|Any CPU.Build.0 = Debug|Any CPU
		{30AE59C3-5EA8-4CA1-B531-2B031EBF3E55}.Release|Any CPU.ActiveCfg = Release|Any CPU
		{30AE59C3-5EA8-4CA1-B531-2B031EBF3E55}.Release|Any CPU.Build.0 = Release|Any CPU
	EndGlobalSection
	GlobalSection(SolutionProperties) = preSolution
		HideSolutionNode = FALSE
	EndGlobalSection
	GlobalSection(ExtensibilityGlobals) = postSolution
		SolutionGuid = {6FC2A92B-6D44-4608-A55E-2CBBE864AEAC}
	EndGlobalSection
EndGlobal
